// !$*UTF8*$!
{
	archiveVersion = 1;
	classes = {
	};
	objectVersion = 50;
	objects = {

/* Begin PBXBuildFile section */
		27A317AB2188087D0045F881 /* AppDelegate.swift in Sources */ = {isa = PBXBuildFile; fileRef = 27A317AA2188087D0045F881 /* AppDelegate.swift */; };
		27A317AD2188087D0045F881 /* ViewController.swift in Sources */ = {isa = PBXBuildFile; fileRef = 27A317AC2188087D0045F881 /* ViewController.swift */; };
		27A317B02188087D0045F881 /* Main.storyboard in Resources */ = {isa = PBXBuildFile; fileRef = 27A317AE2188087D0045F881 /* Main.storyboard */; };
		27A317B2218808810045F881 /* Assets.xcassets in Resources */ = {isa = PBXBuildFile; fileRef = 27A317B1218808810045F881 /* Assets.xcassets */; };
		27A317B5218808810045F881 /* LaunchScreen.storyboard in Resources */ = {isa = PBXBuildFile; fileRef = 27A317B3218808810045F881 /* LaunchScreen.storyboard */; };
		27A317BD218809520045F881 /* SnailUitlity.swift in Sources */ = {isa = PBXBuildFile; fileRef = 27A317BC218809520045F881 /* SnailUitlity.swift */; };
		27A317BF2188095B0045F881 /* WebInfo.swift in Sources */ = {isa = PBXBuildFile; fileRef = 27A317BE2188095B0045F881 /* WebInfo.swift */; };
/* End PBXBuildFile section */

/* Begin PBXFileReference section */
		27A317A72188087D0045F881 /* snailLetter.app */ = {isa = PBXFileReference; explicitFileType = wrapper.application; includeInIndex = 0; path = snailLetter.app; sourceTree = BUILT_PRODUCTS_DIR; };
		27A317AA2188087D0045F881 /* AppDelegate.swift */ = {isa = PBXFileReference; lastKnownFileType = sourcecode.swift; path = AppDelegate.swift; sourceTree = "<group>"; };
		27A317AC2188087D0045F881 /* ViewController.swift */ = {isa = PBXFileReference; lastKnownFileType = sourcecode.swift; path = ViewController.swift; sourceTree = "<group>"; };
		27A317AF2188087D0045F881 /* Base */ = {isa = PBXFileReference; lastKnownFileType = file.storyboard; name = Base; path = Base.lproj/Main.storyboard; sourceTree = "<group>"; };
		27A317B1218808810045F881 /* Assets.xcassets */ = {isa = PBXFileReference; lastKnownFileType = folder.assetcatalog; path = Assets.xcassets; sourceTree = "<group>"; };
		27A317B4218808810045F881 /* Base */ = {isa = PBXFileReference; lastKnownFileType = file.storyboard; name = Base; path = Base.lproj/LaunchScreen.storyboard; sourceTree = "<group>"; };
		27A317B6218808810045F881 /* Info.plist */ = {isa = PBXFileReference; lastKnownFileType = text.plist.xml; path = Info.plist; sourceTree = "<group>"; };
		27A317BC218809520045F881 /* SnailUitlity.swift */ = {isa = PBXFileReference; fileEncoding = 4; lastKnownFileType = sourcecode.swift; path = SnailUitlity.swift; sourceTree = "<group>"; };
		27A317BE2188095B0045F881 /* WebInfo.swift */ = {isa = PBXFileReference; fileEncoding = 4; lastKnownFileType = sourcecode.swift; path = WebInfo.swift; sourceTree = "<group>"; };
/* End PBXFileReference section */

/* Begin PBXFrameworksBuildPhase section */
		27A317A42188087D0045F881 /* Frameworks */ = {
			isa = PBXFrameworksBuildPhase;
			buildActionMask = 2147483647;
			files = (
			);
			runOnlyForDeploymentPostprocessing = 0;
		};
/* End PBXFrameworksBuildPhase section */

/* Begin PBXGroup section */
		27A3179E2188087D0045F881 = {
			isa = PBXGroup;
			children = (
				27A317A92188087D0045F881 /* snailLetter */,
				27A317A82188087D0045F881 /* Products */,
			);
			sourceTree = "<group>";
		};
		27A317A82188087D0045F881 /* Products */ = {
			isa = PBXGroup;
			children = (
				27A317A72188087D0045F881 /* snailLetter.app */,
			);
			name = Products;
			sourceTree = "<group>";
		};
		27A317A92188087D0045F881 /* snailLetter */ = {
			isa = PBXGroup;
			children = (
				27A317BE2188095B0045F881 /* WebInfo.swift */,
				27A317BC218809520045F881 /* SnailUitlity.swift */,
				27A317AA2188087D0045F881 /* AppDelegate.swift */,
				27A317AC2188087D0045F881 /* ViewController.swift */,
				27A317AE2188087D0045F881 /* Main.storyboard */,
				27A317B1218808810045F881 /* Assets.xcassets */,
				27A317B3218808810045F881 /* LaunchScreen.storyboard */,
				27A317B6218808810045F881 /* Info.plist */,
			);
			path = snailLetter;
			sourceTree = "<group>";
		};
/* End PBXGroup section */

/* Begin PBXNativeTarget section */
		27A317A62188087D0045F881 /* snailLetter */ = {
			isa = PBXNativeTarget;
			buildConfigurationList = 27A317B9218808810045F881 /* Build configuration list for PBXNativeTarget "snailLetter" */;
			buildPhases = (
				27A317A32188087D0045F881 /* Sources */,
				27A317A42188087D0045F881 /* Frameworks */,
				27A317A52188087D0045F881 /* Resources */,
			);
			buildRules = (
			);
			dependencies = (
			);
			name = snailLetter;
			productName = snailLetter;
			productReference = 27A317A72188087D0045F881 /* snailLetter.app */;
			productType = "com.apple.product-type.application";
		};
/* End PBXNativeTarget section */

/* Begin PBXProject section */
		27A3179F2188087D0045F881 /* Project object */ = {
			isa = PBXProject;
			attributes = {
				LastSwiftUpdateCheck = 1000;
				LastUpgradeCheck = 1000;
				ORGANIZATIONNAME = Test;
				TargetAttributes = {
					27A317A62188087D0045F881 = {
						CreatedOnToolsVersion = 10.0;
					};
				};
			};
			buildConfigurationList = 27A317A22188087D0045F881 /* Build configuration list for PBXProject "snailLetter" */;
			compatibilityVersion = "Xcode 9.3";
			developmentRegion = en;
			hasScannedForEncodings = 0;
			knownRegions = (
				en,
				Base,
			);
			mainGroup = 27A3179E2188087D0045F881;
			productRefGroup = 27A317A82188087D0045F881 /* Products */;
			projectDirPath = "";
			projectRoot = "";
			targets = (
				27A317A62188087D0045F881 /* snailLetter */,
			);
		};
/* End PBXProject section */

/* Begin PBXResourcesBuildPhase section */
		27A317A52188087D0045F881 /* Resources */ = {
			isa = PBXResourcesBuildPhase;
			buildActionMask = 2147483647;
			files = (
				27A317B5218808810045F881 /* LaunchScreen.storyboard in Resources */,
				27A317B2218808810045F881 /* Assets.xcassets in Resources */,
				27A317B02188087D0045F881 /* Main.storyboard in Resources */,
			);
			runOnlyForDeploymentPostprocessing = 0;
		};
/* End PBXResourcesBuildPhase section */

/* Begin PBXSourcesBuildPhase section */
		27A317A32188087D0045F881 /* Sources */ = {
			isa = PBXSourcesBuildPhase;
			buildActionMask = 2147483647;
			files = (
				27A317AD2188087D0045F881 /* ViewController.swift in Sources */,
				27A317AB2188087D0045F881 /* AppDelegate.swift in Sources */,
				27A317BF2188095B0045F881 /* WebInfo.swift in Sources */,
				27A317BD218809520045F881 /* SnailUitlity.swift in Sources */,
			);
			runOnlyForDeploymentPostprocessing = 0;
		};
/* End PBXSourcesBuildPhase section */

/* Begin PBXVariantGroup section */
		27A317AE2188087D0045F881 /* Main.storyboard */ = {
			isa = PBXVariantGroup;
			children = (
				27A317AF2188087D0045F881 /* Base */,
			);
			name = Main.storyboard;
			sourceTree = "<group>";
		};
		27A317B3218808810045F881 /* LaunchScreen.storyboard */ = {
			isa = PBXVariantGroup;
			children = (
				27A317B4218808810045F881 /* Base */,
			);
			name = LaunchScreen.storyboard;
			sourceTree = "<group>";
		};
/* End PBXVariantGroup section */

/* Begin XCBuildConfiguration section */
		27A317B7218808810045F881 /* Debug */ = {
			isa = XCBuildConfiguration;
			buildSettings = {
				ALWAYS_SEARCH_USER_PATHS = NO;
				CLANG_ANALYZER_NONNULL = YES;
				CLANG_ANALYZER_NUMBER_OBJECT_CONVERSION = YES_AGGRESSIVE;
				CLANG_CXX_LANGUAGE_STANDARD = "gnu++14";
				CLANG_CXX_LIBRARY = "libc++";
				CLANG_ENABLE_MODULES = YES;
				CLANG_ENABLE_OBJC_ARC = YES;
				CLANG_ENABLE_OBJC_WEAK = YES;
				CLANG_WARN_BLOCK_CAPTURE_AUTORELEASING = YES;
				CLANG_WARN_BOOL_CONVERSION = YES;
				CLANG_WARN_COMMA = YES;
				CLANG_WARN_CONSTANT_CONVERSION = YES;
				CLANG_WARN_DEPRECATED_OBJC_IMPLEMENTATIONS = YES;
				CLANG_WARN_DIRECT_OBJC_ISA_USAGE = YES_ERROR;
				CLANG_WARN_DOCUMENTATION_COMMENTS = YES;
				CLANG_WARN_EMPTY_BODY = YES;
				CLANG_WARN_ENUM_CONVERSION = YES;
				CLANG_WARN_INFINITE_RECURSION = YES;
				CLANG_WARN_INT_CONVERSION = YES;
				CLANG_WARN_NON_LITERAL_NULL_CONVERSION = YES;
				CLANG_WARN_OBJC_IMPLICIT_RETAIN_SELF = YES;
				CLANG_WARN_OBJC_LITERAL_CONVERSION = YES;
				CLANG_WARN_OBJC_ROOT_CLASS = YES_ERROR;
				CLANG_WARN_RANGE_LOOP_ANALYSIS = YES;
				CLANG_WARN_STRICT_PROTOTYPES = YES;
				CLANG_WARN_SUSPICIOUS_MOVE = YES;
				CLANG_WARN_UNGUARDED_AVAILABILITY = YES_AGGRESSIVE;
				CLANG_WARN_UNREACHABLE_CODE = YES;
				CLANG_WARN__DUPLICATE_METHOD_MATCH = YES;
				CODE_SIGN_IDENTITY = "iPhone Developer";
				COPY_PHASE_STRIP = NO;
				DEBUG_INFORMATION_FORMAT = dwarf;
				ENABLE_STRICT_OBJC_MSGSEND = YES;
				ENABLE_TESTABILITY = YES;
				GCC_C_LANGUAGE_STANDARD = gnu11;
				GCC_DYNAMIC_NO_PIC = NO;
				GCC_NO_COMMON_BLOCKS = YES;
				GCC_OPTIMIZATION_LEVEL = 0;
				GCC_PREPROCESSOR_DEFINITIONS = (
					"DEBUG=1",
					"$(inherited)",
				);
				GCC_WARN_64_TO_32_BIT_CONVERSION = YES;
				GCC_WARN_ABOUT_RETURN_TYPE = YES_ERROR;
				GCC_WARN_UNDECLARED_SELECTOR = YES;
				GCC_WARN_UNINITIALIZED_AUTOS = YES_AGGRESSIVE;
				GCC_WARN_UNUSED_FUNCTION = YES;
				GCC_WARN_UNUSED_VARIABLE = YES;
				IPHONEOS_DEPLOYMENT_TARGET = 12.0;
				MTL_ENABLE_DEBUG_INFO = INCLUDE_SOURCE;
				MTL_FAST_MATH = YES;
				ONLY_ACTIVE_ARCH = YES;
				SDKROOT = iphoneos;
				SWIFT_ACTIVE_COMPILATION_CONDITIONS = DEBUG;
				SWIFT_OPTIMIZATION_LEVEL = "-Onone";
			};
			name = Debug;
		};
		27A317B8218808810045F881 /* Release */ = {
			isa = XCBuildConfiguration;
			buildSettings = {
				ALWAYS_SEARCH_USER_PATHS = NO;
				CLANG_ANALYZER_NONNULL = YES;
				CLANG_ANALYZER_NUMBER_OBJECT_CONVERSION = YES_AGGRESSIVE;
				CLANG_CXX_LANGUAGE_STANDARD = "gnu++14";
				CLANG_CXX_LIBRARY = "libc++";
				CLANG_ENABLE_MODULES = YES;
				CLANG_ENABLE_OBJC_ARC = YES;
				CLANG_ENABLE_OBJC_WEAK = YES;
				CLANG_WARN_BLOCK_CAPTURE_AUTORELEASING = YES;
				CLANG_WARN_BOOL_CONVERSION = YES;
				CLANG_WARN_COMMA = YES;
				CLANG_WARN_CONSTANT_CONVERSION = YES;
				CLANG_WARN_DEPRECATED_OBJC_IMPLEMENTATIONS = YES;
				CLANG_WARN_DIRECT_OBJC_ISA_USAGE = YES_ERROR;
				CLANG_WARN_DOCUMENTATION_COMMENTS = YES;
				CLANG_WARN_EMPTY_BODY = YES;
				CLANG_WARN_ENUM_CONVERSION = YES;
				CLANG_WARN_INFINITE_RECURSION = YES;
				CLANG_WARN_INT_CONVERSION = YES;
				CLANG_WARN_NON_LITERAL_NULL_CONVERSION = YES;
				CLANG_WARN_OBJC_IMPLICIT_RETAIN_SELF = YES;
				CLANG_WARN_OBJC_LITERAL_CONVERSION = YES;
				CLANG_WARN_OBJC_ROOT_CLASS = YES_ERROR;
				CLANG_WARN_RANGE_LOOP_ANALYSIS = YES;
				CLANG_WARN_STRICT_PROTOTYPES = YES;
				CLANG_WARN_SUSPICIOUS_MOVE = YES;
				CLANG_WARN_UNGUARDED_AVAILABILITY = YES_AGGRESSIVE;
				CLANG_WARN_UNREACHABLE_CODE = YES;
				CLANG_WARN__DUPLICATE_METHOD_MATCH = YES;
				CODE_SIGN_IDENTITY = "iPhone Developer";
				COPY_PHASE_STRIP = NO;
				DEBUG_INFORMATION_FORMAT = "dwarf-with-dsym";
				ENABLE_NS_ASSERTIONS = NO;
				ENABLE_STRICT_OBJC_MSGSEND = YES;
				GCC_C_LANGUAGE_STANDARD = gnu11;
				GCC_NO_COMMON_BLOCKS = YES;
				GCC_WARN_64_TO_32_BIT_CONVERSION = YES;
				GCC_WARN_ABOUT_RETURN_TYPE = YES_ERROR;
				GCC_WARN_UNDECLARED_SELECTOR = YES;
				GCC_WARN_UNINITIALIZED_AUTOS = YES_AGGRESSIVE;
				GCC_WARN_UNUSED_FUNCTION = YES;
				GCC_WARN_UNUSED_VARIABLE = YES;
				IPHONEOS_DEPLOYMENT_TARGET = 12.0;
				MTL_ENABLE_DEBUG_INFO = NO;
				MTL_FAST_MATH = YES;
				SDKROOT = iphoneos;
				SWIFT_COMPILATION_MODE = wholemodule;
				SWIFT_OPTIMIZATION_LEVEL = "-O";
				VALIDATE_PRODUCT = YES;
			};
			name = Release;
		};
		27A317BA218808810045F881 /* Debug */ = {
			isa = XCBuildConfiguration;
			buildSettings = {
				ASSETCATALOG_COMPILER_APPICON_NAME = AppIcon;
				CODE_SIGN_STYLE = Automatic;
				DEVELOPMENT_TEAM = 4KKSJ972S5;
				INFOPLIST_FILE = snailLetter/Info.plist;
				LD_RUNPATH_SEARCH_PATHS = (
					"$(inherited)",
					"@executable_path/Frameworks",
				);
				PRODUCT_BUNDLE_IDENTIFIER = Test.snailLetter;
				PRODUCT_NAME = "$(TARGET_NAME)";
				SWIFT_VERSION = 4.2;
				TARGETED_DEVICE_FAMILY = "1,2";
			};
			name = Debug;
		};
		27A317BB218808810045F881 /* Release */ = {
			isa = XCBuildConfiguration;
			buildSettings = {
				ASSETCATALOG_COMPILER_APPICON_NAME = AppIcon;
				CODE_SIGN_STYLE = Automatic;
				DEVELOPMENT_TEAM = 4KKSJ972S5;
				INFOPLIST_FILE = snailLetter/Info.plist;
				LD_RUNPATH_SEARCH_PATHS = (
					"$(inherited)",
					"@executable_path/Frameworks",
				);
				PRODUCT_BUNDLE_IDENTIFIER = Test.snailLetter;
				PRODUCT_NAME = "$(TARGET_NAME)";
				SWIFT_VERSION = 4.2;
				TARGETED_DEVICE_FAMILY = "1,2";
			};
			name = Release;
		};
/* End XCBuildConfiguration section */

/* Begin XCConfigurationList section */
		27A317A22188087D0045F881 /* Build configuration list for PBXProject "snailLetter" */ = {
			isa = XCConfigurationList;
			buildConfigurations = (
				27A317B7218808810045F881 /* Debug */,
				27A317B8218808810045F881 /* Release */,
			);
			defaultConfigurationIsVisible = 0;
			defaultConfigurationName = Release;
		};
		27A317B9218808810045F881 /* Build configuration list for PBXNativeTarget "snailLetter" */ = {
			isa = XCConfigurationList;
			buildConfigurations = (
				27A317BA218808810045F881 /* Debug */,
				27A317BB218808810045F881 /* Release */,
			);
			defaultConfigurationIsVisible = 0;
			defaultConfigurationName = Release;
		};
/* End XCConfigurationList section */
	};
	rootObject = 27A3179F2188087D0045F881 /* Project object */;
}
